{
  "version": 1,
  "dependencies": {
    "net10.0-windows7.0": {
      "BCnEncoder.Net.ImageSharp": {
        "type": "Direct",
        "requested": "[1.1.2, )",
        "resolved": "1.1.2",
        "contentHash": "qUi8L+bNfHJii95BMBcV6MhBchkKU2VV6sd6D1yyzgm77YhMt+aFT0keh5uf70bvTsRrq/ZKQnE4UQScNU6XAA==",
        "dependencies": {
          "BCnEncoder.Net": "2.2.0",
          "CommunityToolkit.HighPerformance": "8.4.0",
          "SixLabors.ImageSharp": "3.1.7"
        }
      },
      "DalamudPackager": {
        "type": "Direct",
        "requested": "[14.0.1, )",
        "resolved": "14.0.1",
        "contentHash": "y0WWyUE6dhpGdolK3iKgwys05/nZaVf4ZPtIjpLhJBZvHxkkiE23zYRo7K7uqAgoK/QvK5cqF6l3VG5AbgC6KA=="
      },
      "DotNet.ReproducibleBuilds": {
        "type": "Direct",
        "requested": "[1.2.39, )",
        "resolved": "1.2.39",
        "contentHash": "fcFN01tDTIQqDuTwr1jUQK/geofiwjG5DycJQOnC72i1SsLAk1ELe+apBOuZ11UMQG8YKFZG1FgvjZPbqHyatg=="
      },
      "EmbedIO": {
        "type": "Direct",
        "requested": "[3.5.2, )",
        "resolved": "3.5.2",
        "contentHash": "YU4j+3XvuO8/VPkNf7KWOF1TpMhnyVhXnPsG1mvnDhTJ9D5BZOFXVDvCpE/SkQ1AJ0Aa+dXOVSW3ntgmLL7aJg==",
        "dependencies": {
          "Unosquare.Swan.Lite": "3.1.0"
        }
      },
      "JetBrains.Annotations": {
        "type": "Direct",
        "requested": "[2024.2.0, )",
        "resolved": "2024.2.0",
        "contentHash": "GNnqCFW/163p1fOehKx0CnAqjmpPrUSqrgfHM6qca+P+RN39C9rhlfZHQpJhxmQG/dkOYe/b3Z0P8b6Kv5m1qw=="
      },
      "SixLabors.ImageSharp": {
        "type": "Direct",
        "requested": "[3.1.11, )",
        "resolved": "3.1.11",
        "contentHash": "JfPLyigLthuE50yi6tMt7Amrenr/fA31t2CvJyhy/kQmfulIBAqo5T/YFUSRHtuYPXRSaUHygFeh6Qd933EoSw=="
      },
      "BCnEncoder.Net": {
        "type": "Transitive",
        "resolved": "2.2.0",
        "contentHash": "bJg23yquVTodLWYBCDu28Dk82Coi138ZnjFlWI4sqaOtjRIvftAZHaQHbm2SdCWUShcG9sEZ4BdOnePY9qB7tA==",
        "dependencies": {
          "CommunityToolkit.HighPerformance": "8.4.0"
        }
      },
      "CommunityToolkit.HighPerformance": {
        "type": "Transitive",
        "resolved": "8.4.0",
        "contentHash": "flxspiBs0G/0GMp7IK2J2ijV9bTG6hEwFc/z6ekHqB6nwRJ4Ry2yLdx+TkbCUYFCl4XhABkAwomeKbT6zM2Zlg=="
      },
      "Unosquare.Swan.Lite": {
        "type": "Transitive",
        "resolved": "3.1.0",
        "contentHash": "X3s5QE/KMj3WAPFqFve7St+Ds10BB50u8kW8PmKIn7FVkn7yEXe9Yxr2htt1WV85DRqfFR0MN/BUNHkGHtL4OQ=="
      }
    }
  }
}